
Microsoft Visual Studio Solution File, Format Version 12.00
# Visual Studio Version 17
VisualStudioVersion = 17.5.002.0
MinimumVisualStudioVersion = 10.0.40219.1
Project("{9A19103F-16F7-4668-BE54-9A1E7A4F7556}") = "DataCatalogService", "DataCatalogService.csproj", "{7C493EA0-0135-4DF9-8FE4-786912B66E08}"
EndProject
Global
	GlobalSection(SolutionConfigurationPlatforms) = preSolution
		Debug|Any CPU = Debug|Any CPU
		Release|Any CPU = Release|Any CPU
	EndGlobalSection
	GlobalSection(ProjectConfigurationPlatforms) = postSolution
		{7C493EA0-0135-4DF9-8FE4-786912B66E08}.Debug|Any CPU.ActiveCfg = Debug|Any CPU
		{7C493EA0-0135-4DF9-8FE4-786912B66E08}.Debug|Any CPU.Build.0 = Debug|Any CPU
		{7C493EA0-0135-4DF9-8FE4-786912B66E08}.Release|Any CPU.ActiveCfg = Release|Any CPU
		{7C493EA0-0135-4DF9-8FE4-786912B66E08}.Release|Any CPU.Build.0 = Release|Any CPU
	EndGlobalSection
	GlobalSection(SolutionProperties) = preSolution
		HideSolutionNode = FALSE
	EndGlobalSection
	GlobalSection(ExtensibilityGlobals) = postSolution
		SolutionGuid = {0D5B0B42-0B7B-45C3-9ECD-393483118309}
	EndGlobalSection
EndGlobal
